
Microsoft Visual Studio Solution File, Format Version 12.00
# Visual Studio Version 17
VisualStudioVersion = 17.4.33110.190
MinimumVisualStudioVersion = 10.0.40219.1
Project("{FAE04EC0-301F-11D3-BF4B-00C04F79EFBC}") = "FullCRUDApp.Server", "Server\FullCRUDApp.Server.csproj", "{B4A9C31A-28FD-4AD7-AE77-829054B38B7F}"
EndProject
Project("{FAE04EC0-301F-11D3-BF4B-00C04F79EFBC}") = "FullCRUDApp.Client", "Client\FullCRUDApp.Client.csproj", "{2C7CD4DE-99E4-4008-9C8E-FF11AEE0049F}"
EndProject
Project("{FAE04EC0-301F-11D3-BF4B-00C04F79EFBC}") = "FullCRUDApp.Shared", "Shared\FullCRUDApp.Shared.csproj", "{8491EA73-44CF-4510-B0C2-6D6987435BD6}"
EndProject
Global
	GlobalSection(SolutionConfigurationPlatforms) = preSolution
		Debug|Any CPU = Debug|Any CPU
		Release|Any CPU = Release|Any CPU
	EndGlobalSection
	GlobalSection(ProjectConfigurationPlatforms) = postSolution
		{B4A9C31A-28FD-4AD7-AE77-829054B38B7F}.Debug|Any CPU.ActiveCfg = Debug|Any CPU
		{B4A9C31A-28FD-4AD7-AE77-829054B38B7F}.Debug|Any CPU.Build.0 = Debug|Any CPU
		{B4A9C31A-28FD-4AD7-AE77-829054B38B7F}.Release|Any CPU.ActiveCfg = Release|Any CPU
		{B4A9C31A-28FD-4AD7-AE77-829054B38B7F}.Release|Any CPU.Build.0 = Release|Any CPU
		{2C7CD4DE-99E4-4008-9C8E-FF11AEE0049F}.Debug|Any CPU.ActiveCfg = Debug|Any CPU
		{2C7CD4DE-99E4-4008-9C8E-FF11AEE0049F}.Debug|Any CPU.Build.0 = Debug|Any CPU
		{2C7CD4DE-99E4-4008-9C8E-FF11AEE0049F}.Release|Any CPU.ActiveCfg = Release|Any CPU
		{2C7CD4DE-99E4-4008-9C8E-FF11AEE0049F}.Release|Any CPU.Build.0 = Release|Any CPU
		{8491EA73-44CF-4510-B0C2-6D6987435BD6}.Debug|Any CPU.ActiveCfg = Debug|Any CPU
		{8491EA73-44CF-4510-B0C2-6D6987435BD6}.Debug|Any CPU.Build.0 = Debug|Any CPU
		{8491EA73-44CF-4510-B0C2-6D6987435BD6}.Release|Any CPU.ActiveCfg = Release|Any CPU
		{8491EA73-44CF-4510-B0C2-6D6987435BD6}.Release|Any CPU.Build.0 = Release|Any CPU
	EndGlobalSection
	GlobalSection(SolutionProperties) = preSolution
		HideSolutionNode = FALSE
	EndGlobalSection
	GlobalSection(ExtensibilityGlobals) = postSolution
		SolutionGuid = {0B05934A-906F-4A7F-B8F3-682E42FE4689}
	EndGlobalSection
EndGlobal
